<?xml version="1.0" encoding="utf-8"?>
<Project ToolsVersion="4.0" xmlns="http://schemas.microsoft.com/developer/msbuild/2003">
  <ItemGroup>
    <Filter Include="Source Files">
      <UniqueIdentifier>{83fd91e6-4d78-443d-8261-bc41f955a5a4}</UniqueIdentifier>
      <Extensions>cpp;c;cxx;rc;def;r;odl;idl;hpj;bat</Extensions>
    </Filter>
    <Filter Include="Header Files">
      <UniqueIdentifier>{275e4212-b67d-47f3-ac3a-3e8d434da9ec}</UniqueIdentifier>
      <Extensions>h;hpp;hxx;hm;inl</Extensions>
    </Filter>
    <Filter Include="Resource Files">
      <UniqueIdentifier>{0f7cace0-e887-4a5e-a94c-c86efc431072}</UniqueIdentifier>
      <Extensions>ico;cur;bmp;dlg;rc2;rct;bin;rgs;gif;jpg;jpeg;jpe</Extensions>
    </Filter>
    <Filter Include="Header Files\lib">
      <UniqueIdentifier>{e54eea38-ab53-4d22-becc-feec0dd53b98}</UniqueIdentifier>
    </Filter>
  </ItemGroup>
  <ItemGroup>
    <ClCompile Include="vsBase.cpp">
      <Filter>Source Files</Filter>
    </ClCompile>
    <ClCompile Include="vsBaseDlg.cpp">
      <Filter>Source Files</Filter>
    </ClCompile>
    <ClCompile Include="StdAfx.cpp">
      <Filter>Source Files</Filter>
    </ClCompile>
    <ClCompile Include="src\grabScreen.cpp">
      <Filter>Source Files</Filter>
    </ClCompile>
    <ClCompile Include="src\Ffmpeg_Encoder.cpp">
      <Filter>Source Files</Filter>
    </ClCompile>
    <ClCompile Include="src\ProcessManager.cpp">
      <Filter>Source Files</Filter>
    </ClCompile>
    <ClCompile Include="src\PThread_vsBase.cpp">
      <Filter>Source Files</Filter>
    </ClCompile>
    <ClCompile Include="src\CapScreenAndAudio.cpp">
      <Filter>Source Files</Filter>
    </ClCompile>
    <ClCompile Include="src\FloatWnd.cpp">
      <Filter>Source Files</Filter>
    </ClCompile>
    <ClCompile Include="src\st_debug.cpp">
      <Filter>Source Files</Filter>
    </ClCompile>
    <ClCompile Include="src\StdAfx.cpp">
      <Filter>Source Files</Filter>
    </ClCompile>
    <ClCompile Include="src\node_js.cpp">
      <Filter>Source Files</Filter>
    </ClCompile>
    <ClCompile Include="src\ImgProc.cpp">
      <Filter>Source Files</Filter>
    </ClCompile>
  </ItemGroup>
  <ItemGroup>
    <ResourceCompile Include="vsBase.rc">
      <Filter>Source Files</Filter>
    </ResourceCompile>
  </ItemGroup>
  <ItemGroup>
    <ClInclude Include="include\libavcodec\avcodec.h">
      <Filter>Header Files\lib</Filter>
    </ClInclude>
    <ClInclude Include="include\libavcodec\avdct.h">
      <Filter>Header Files\lib</Filter>
    </ClInclude>
    <ClInclude Include="include\libavcodec\avfft.h">
      <Filter>Header Files\lib</Filter>
    </ClInclude>
    <ClInclude Include="include\libavfilter\avfilter.h">
      <Filter>Header Files\lib</Filter>
    </ClInclude>
    <ClInclude Include="include\libavfilter\avfiltergraph.h">
      <Filter>Header Files\lib</Filter>
    </ClInclude>
    <ClInclude Include="include\libavfilter\buffersink.h">
      <Filter>Header Files\lib</Filter>
    </ClInclude>
    <ClInclude Include="include\libavfilter\buffersrc.h">
      <Filter>Header Files\lib</Filter>
    </ClInclude>
    <ClInclude Include="include\libavcodec\d3d11va.h">
      <Filter>Header Files\lib</Filter>
    </ClInclude>
    <ClInclude Include="include\libavcodec\dirac.h">
      <Filter>Header Files\lib</Filter>
    </ClInclude>
    <ClInclude Include="include\libavcodec\dv_profile.h">
      <Filter>Header Files\lib</Filter>
    </ClInclude>
    <ClInclude Include="include\libavcodec\dxva2.h">
      <Filter>Header Files\lib</Filter>
    </ClInclude>
    <ClInclude Include="include\libavcodec\jni.h">
      <Filter>Header Files\lib</Filter>
    </ClInclude>
    <ClInclude Include="include\libavcodec\mediacodec.h">
      <Filter>Header Files\lib</Filter>
    </ClInclude>
    <ClInclude Include="include\libavcodec\qsv.h">
      <Filter>Header Files\lib</Filter>
    </ClInclude>
    <ClInclude Include="Resource.h">
      <Filter>Header Files\lib</Filter>
    </ClInclude>
    <ClInclude Include="StdAfx.h">
      <Filter>Header Files\lib</Filter>
    </ClInclude>
    <ClInclude Include="include\libavcodec\vaapi.h">
      <Filter>Header Files\lib</Filter>
    </ClInclude>
    <ClInclude Include="include\libavcodec\vda.h">
      <Filter>Header Files\lib</Filter>
    </ClInclude>
    <ClInclude Include="include\libavcodec\vdpau.h">
      <Filter>Header Files\lib</Filter>
    </ClInclude>
    <ClInclude Include="include\libavfilter\version.h">
      <Filter>Header Files\lib</Filter>
    </ClInclude>
    <ClInclude Include="include\libavcodec\version.h">
      <Filter>Header Files\lib</Filter>
    </ClInclude>
    <ClInclude Include="include\libavcodec\videotoolbox.h">
      <Filter>Header Files\lib</Filter>
    </ClInclude>
    <ClInclude Include="include\libavcodec\vorbis_parser.h">
      <Filter>Header Files\lib</Filter>
    </ClInclude>
    <ClInclude Include="vsBase.h">
      <Filter>Header Files\lib</Filter>
    </ClInclude>
    <ClInclude Include="vsBaseDlg.h">
      <Filter>Header Files\lib</Filter>
    </ClInclude>
    <ClInclude Include="include\libavcodec\xvmc.h">
      <Filter>Header Files\lib</Filter>
    </ClInclude>
    <ClInclude Include="src\include\Ffmpeg_Encoder.h">
      <Filter>Header Files</Filter>
    </ClInclude>
    <ClInclude Include="src\include\grabScreen.h">
      <Filter>Header Files</Filter>
    </ClInclude>
    <ClInclude Include="src\include\ProcessManager.h">
      <Filter>Header Files</Filter>
    </ClInclude>
    <ClInclude Include="src\include\PThread_vsBase.h">
      <Filter>Header Files</Filter>
    </ClInclude>
    <ClInclude Include="def.h">
      <Filter>Source Files</Filter>
    </ClInclude>
    <ClInclude Include="src\include\CapScreenAndAudio.h">
      <Filter>Header Files</Filter>
    </ClInclude>
    <ClInclude Include="src\include\FloatWnd.h">
      <Filter>Header Files</Filter>
    </ClInclude>
    <ClInclude Include="src\include\st_debug.h">
      <Filter>Header Files</Filter>
    </ClInclude>
    <ClInclude Include="src\include\node_js.h">
      <Filter>Header Files</Filter>
    </ClInclude>
    <ClInclude Include="src\include\basedef.h">
      <Filter>Header Files</Filter>
    </ClInclude>
    <ClInclude Include="src\include\ImgProc.h">
      <Filter>Header Files</Filter>
    </ClInclude>
  </ItemGroup>
  <ItemGroup>
    <Image Include="logo.bmp">
      <Filter>Resource Files</Filter>
    </Image>
    <Image Include="logo_rec.bmp">
      <Filter>Resource Files</Filter>
    </Image>
    <Image Include="res\vsBase.ico">
      <Filter>Resource Files</Filter>
    </Image>
  </ItemGroup>
  <ItemGroup>
    <Text Include="ReadMe.txt" />
  </ItemGroup>
  <ItemGroup>
    <CustomBuild Include="res\vsBase.rc2">
      <Filter>Resource Files</Filter>
    </CustomBuild>
  </ItemGroup>
</Project>